
Microsoft Visual Studio Solution File, Format Version 12.00
# Visual Studio Version 17
VisualStudioVersion = 17.13.35919.96
MinimumVisualStudioVersion = 10.0.40219.1
Project("{FAE04EC0-301F-11D3-BF4B-00C04F79EFBC}") = "TpIntegrador_equipo_10A", "TpIntegrador_equipo_10A\TpIntegrador_equipo_10A.csproj", "{B2497F8D-4D5A-4E95-BC46-1EE455AB969B}"
EndProject
Project("{FAE04EC0-301F-11D3-BF4B-00C04F79EFBC}") = "Dominio", "Dominio\Dominio.csproj", "{8F16E6F9-0C09-424F-A837-A32DFBFA59DD}"
EndProject
Project("{FAE04EC0-301F-11D3-BF4B-00C04F79EFBC}") = "Negocio", "Negocio\Negocio.csproj", "{CC4A142F-4A76-40BC-AB2A-415C00472FE5}"
EndProject
Global
	GlobalSection(SolutionConfigurationPlatforms) = preSolution
		Debug|Any CPU = Debug|Any CPU
		Release|Any CPU = Release|Any CPU
	EndGlobalSection
	GlobalSection(ProjectConfigurationPlatforms) = postSolution
		{B2497F8D-4D5A-4E95-BC46-1EE455AB969B}.Debug|Any CPU.ActiveCfg = Debug|Any CPU
		{B2497F8D-4D5A-4E95-BC46-1EE455AB969B}.Debug|Any CPU.Build.0 = Debug|Any CPU
		{B2497F8D-4D5A-4E95-BC46-1EE455AB969B}.Release|Any CPU.ActiveCfg = Release|Any CPU
		{B2497F8D-4D5A-4E95-BC46-1EE455AB969B}.Release|Any CPU.Build.0 = Release|Any CPU
		{8F16E6F9-0C09-424F-A837-A32DFBFA59DD}.Debug|Any CPU.ActiveCfg = Debug|Any CPU
		{8F16E6F9-0C09-424F-A837-A32DFBFA59DD}.Debug|Any CPU.Build.0 = Debug|Any CPU
		{8F16E6F9-0C09-424F-A837-A32DFBFA59DD}.Release|Any CPU.ActiveCfg = Release|Any CPU
		{8F16E6F9-0C09-424F-A837-A32DFBFA59DD}.Release|Any CPU.Build.0 = Release|Any CPU
		{CC4A142F-4A76-40BC-AB2A-415C00472FE5}.Debug|Any CPU.ActiveCfg = Debug|Any CPU
		{CC4A142F-4A76-40BC-AB2A-415C00472FE5}.Debug|Any CPU.Build.0 = Debug|Any CPU
		{CC4A142F-4A76-40BC-AB2A-415C00472FE5}.Release|Any CPU.ActiveCfg = Release|Any CPU
		{CC4A142F-4A76-40BC-AB2A-415C00472FE5}.Release|Any CPU.Build.0 = Release|Any CPU
	EndGlobalSection
	GlobalSection(SolutionProperties) = preSolution
		HideSolutionNode = FALSE
	EndGlobalSection
	GlobalSection(ExtensibilityGlobals) = postSolution
		SolutionGuid = {EFA5F09C-7FEB-4779-AC02-9CB3A589B969}
	EndGlobalSection
EndGlobal
